
Microsoft Visual Studio Solution File, Format Version 12.00
# Visual Studio Version 17
VisualStudioVersion = 17.3.32929.385
MinimumVisualStudioVersion = 10.0.40219.1
Project("{9A19103F-16F7-4668-BE54-9A1E7A4F7556}") = "VoiceCraftProximityChat", "VoiceCraftProximityChat\VoiceCraftProximityChat.csproj", "{EA5AAB26-E7F4-4552-8EED-A3727DDB909C}"
EndProject
Project("{FAE04EC0-301F-11D3-BF4B-00C04F79EFBC}") = "VoiceCraft_Mobile.Android", "VoiceCraft_Mobile\VoiceCraft_Mobile.Android\VoiceCraft_Mobile.Android.csproj", "{6B237B94-10ED-4A4B-8DED-CD8287E7DC1D}"
EndProject
Project("{FAE04EC0-301F-11D3-BF4B-00C04F79EFBC}") = "VoiceCraft_Mobile.iOS", "VoiceCraft_Mobile\VoiceCraft_Mobile.iOS\VoiceCraft_Mobile.iOS.csproj", "{9FF4A67E-FFC4-45CB-9F10-6B077A5A1DB0}"
EndProject
Project("{9A19103F-16F7-4668-BE54-9A1E7A4F7556}") = "VoiceCraft_Mobile", "VoiceCraft_Mobile\VoiceCraft_Mobile\VoiceCraft_Mobile.csproj", "{9C2ABC99-75C5-498B-9410-0C21B290CBDC}"
EndProject
Project("{FAE04EC0-301F-11D3-BF4B-00C04F79EFBC}") = "VoiceCraft_Server", "ConsoleApp1\VoiceCraft_Server.csproj", "{3A5B322E-D55D-4CEB-B0D4-2DE6D581B3E4}"
EndProject
Global
	GlobalSection(SolutionConfigurationPlatforms) = preSolution
		Debug|Any CPU = Debug|Any CPU
		Debug|ARM = Debug|ARM
		Debug|ARM64 = Debug|ARM64
		Debug|iPhone = Debug|iPhone
		Debug|iPhoneSimulator = Debug|iPhoneSimulator
		Debug|x64 = Debug|x64
		Debug|x86 = Debug|x86
		Release|Any CPU = Release|Any CPU
		Release|ARM = Release|ARM
		Release|ARM64 = Release|ARM64
		Release|iPhone = Release|iPhone
		Release|iPhoneSimulator = Release|iPhoneSimulator
		Release|x64 = Release|x64
		Release|x86 = Release|x86
	EndGlobalSection
	GlobalSection(ProjectConfigurationPlatforms) = postSolution
		{EA5AAB26-E7F4-4552-8EED-A3727DDB909C}.Debug|Any CPU.ActiveCfg = Debug|Any CPU
		{EA5AAB26-E7F4-4552-8EED-A3727DDB909C}.Debug|Any CPU.Build.0 = Debug|Any CPU
		{EA5AAB26-E7F4-4552-8EED-A3727DDB909C}.Debug|ARM.ActiveCfg = Debug|Any CPU
		{EA5AAB26-E7F4-4552-8EED-A3727DDB909C}.Debug|ARM.Build.0 = Debug|Any CPU
		{EA5AAB26-E7F4-4552-8EED-A3727DDB909C}.Debug|ARM64.ActiveCfg = Debug|Any CPU
		{EA5AAB26-E7F4-4552-8EED-A3727DDB909C}.Debug|ARM64.Build.0 = Debug|Any CPU
		{EA5AAB26-E7F4-4552-8EED-A3727DDB909C}.Debug|iPhone.ActiveCfg = Debug|Any CPU
		{EA5AAB26-E7F4-4552-8EED-A3727DDB909C}.Debug|iPhone.Build.0 = Debug|Any CPU
		{EA5AAB26-E7F4-4552-8EED-A3727DDB909C}.Debug|iPhoneSimulator.ActiveCfg = Debug|Any CPU
		{EA5AAB26-E7F4-4552-8EED-A3727DDB909C}.Debug|iPhoneSimulator.Build.0 = Debug|Any CPU
		{EA5AAB26-E7F4-4552-8EED-A3727DDB909C}.Debug|x64.ActiveCfg = Debug|Any CPU
		{EA5AAB26-E7F4-4552-8EED-A3727DDB909C}.Debug|x64.Build.0 = Debug|Any CPU
		{EA5AAB26-E7F4-4552-8EED-A3727DDB909C}.Debug|x86.ActiveCfg = Debug|Any CPU
		{EA5AAB26-E7F4-4552-8EED-A3727DDB909C}.Debug|x86.Build.0 = Debug|Any CPU
		{EA5AAB26-E7F4-4552-8EED-A3727DDB909C}.Release|Any CPU.ActiveCfg = Release|Any CPU
		{EA5AAB26-E7F4-4552-8EED-A3727DDB909C}.Release|Any CPU.Build.0 = Release|Any CPU
		{EA5AAB26-E7F4-4552-8EED-A3727DDB909C}.Release|ARM.ActiveCfg = Release|Any CPU
		{EA5AAB26-E7F4-4552-8EED-A3727DDB909C}.Release|ARM.Build.0 = Release|Any CPU
		{EA5AAB26-E7F4-4552-8EED-A3727DDB909C}.Release|ARM64.ActiveCfg = Release|Any CPU
		{EA5AAB26-E7F4-4552-8EED-A3727DDB909C}.Release|ARM64.Build.0 = Release|Any CPU
		{EA5AAB26-E7F4-4552-8EED-A3727DDB909C}.Release|iPhone.ActiveCfg = Release|Any CPU
		{EA5AAB26-E7F4-4552-8EED-A3727DDB909C}.Release|iPhone.Build.0 = Release|Any CPU
		{EA5AAB26-E7F4-4552-8EED-A3727DDB909C}.Release|iPhoneSimulator.ActiveCfg = Release|Any CPU
		{EA5AAB26-E7F4-4552-8EED-A3727DDB909C}.Release|iPhoneSimulator.Build.0 = Release|Any CPU
		{EA5AAB26-E7F4-4552-8EED-A3727DDB909C}.Release|x64.ActiveCfg = Release|Any CPU
		{EA5AAB26-E7F4-4552-8EED-A3727DDB909C}.Release|x64.Build.0 = Release|Any CPU
		{EA5AAB26-E7F4-4552-8EED-A3727DDB909C}.Release|x86.ActiveCfg = Release|Any CPU
		{EA5AAB26-E7F4-4552-8EED-A3727DDB909C}.Release|x86.Build.0 = Release|Any CPU
		{6B237B94-10ED-4A4B-8DED-CD8287E7DC1D}.Debug|Any CPU.ActiveCfg = Debug|Any CPU
		{6B237B94-10ED-4A4B-8DED-CD8287E7DC1D}.Debug|Any CPU.Build.0 = Debug|Any CPU
		{6B237B94-10ED-4A4B-8DED-CD8287E7DC1D}.Debug|Any CPU.Deploy.0 = Debug|Any CPU
		{6B237B94-10ED-4A4B-8DED-CD8287E7DC1D}.Debug|ARM.ActiveCfg = Debug|Any CPU
		{6B237B94-10ED-4A4B-8DED-CD8287E7DC1D}.Debug|ARM.Build.0 = Debug|Any CPU
		{6B237B94-10ED-4A4B-8DED-CD8287E7DC1D}.Debug|ARM.Deploy.0 = Debug|Any CPU
		{6B237B94-10ED-4A4B-8DED-CD8287E7DC1D}.Debug|ARM64.ActiveCfg = Debug|Any CPU
		{6B237B94-10ED-4A4B-8DED-CD8287E7DC1D}.Debug|ARM64.Build.0 = Debug|Any CPU
		{6B237B94-10ED-4A4B-8DED-CD8287E7DC1D}.Debug|ARM64.Deploy.0 = Debug|Any CPU
		{6B237B94-10ED-4A4B-8DED-CD8287E7DC1D}.Debug|iPhone.ActiveCfg = Debug|Any CPU
		{6B237B94-10ED-4A4B-8DED-CD8287E7DC1D}.Debug|iPhone.Build.0 = Debug|Any CPU
		{6B237B94-10ED-4A4B-8DED-CD8287E7DC1D}.Debug|iPhone.Deploy.0 = Debug|Any CPU
		{6B237B94-10ED-4A4B-8DED-CD8287E7DC1D}.Debug|iPhoneSimulator.ActiveCfg = Debug|Any CPU
		{6B237B94-10ED-4A4B-8DED-CD8287E7DC1D}.Debug|iPhoneSimulator.Build.0 = Debug|Any CPU
		{6B237B94-10ED-4A4B-8DED-CD8287E7DC1D}.Debug|iPhoneSimulator.Deploy.0 = Debug|Any CPU
		{6B237B94-10ED-4A4B-8DED-CD8287E7DC1D}.Debug|x64.ActiveCfg = Debug|Any CPU
		{6B237B94-10ED-4A4B-8DED-CD8287E7DC1D}.Debug|x64.Build.0 = Debug|Any CPU
		{6B237B94-10ED-4A4B-8DED-CD8287E7DC1D}.Debug|x64.Deploy.0 = Debug|Any CPU
		{6B237B94-10ED-4A4B-8DED-CD8287E7DC1D}.Debug|x86.ActiveCfg = Debug|Any CPU
		{6B237B94-10ED-4A4B-8DED-CD8287E7DC1D}.Debug|x86.Build.0 = Debug|Any CPU
		{6B237B94-10ED-4A4B-8DED-CD8287E7DC1D}.Debug|x86.Deploy.0 = Debug|Any CPU
		{6B237B94-10ED-4A4B-8DED-CD8287E7DC1D}.Release|Any CPU.ActiveCfg = Release|Any CPU
		{6B237B94-10ED-4A4B-8DED-CD8287E7DC1D}.Release|Any CPU.Build.0 = Release|Any CPU
		{6B237B94-10ED-4A4B-8DED-CD8287E7DC1D}.Release|Any CPU.Deploy.0 = Release|Any CPU
		{6B237B94-10ED-4A4B-8DED-CD8287E7DC1D}.Release|ARM.ActiveCfg = Release|Any CPU
		{6B237B94-10ED-4A4B-8DED-CD8287E7DC1D}.Release|ARM.Build.0 = Release|Any CPU
		{6B237B94-10ED-4A4B-8DED-CD8287E7DC1D}.Release|ARM.Deploy.0 = Release|Any CPU
		{6B237B94-10ED-4A4B-8DED-CD8287E7DC1D}.Release|ARM64.ActiveCfg = Release|Any CPU
		{6B237B94-10ED-4A4B-8DED-CD8287E7DC1D}.Release|ARM64.Build.0 = Release|Any CPU
		{6B237B94-10ED-4A4B-8DED-CD8287E7DC1D}.Release|ARM64.Deploy.0 = Release|Any CPU
		{6B237B94-10ED-4A4B-8DED-CD8287E7DC1D}.Release|iPhone.ActiveCfg = Release|Any CPU
		{6B237B94-10ED-4A4B-8DED-CD8287E7DC1D}.Release|iPhone.Build.0 = Release|Any CPU
		{6B237B94-10ED-4A4B-8DED-CD8287E7DC1D}.Release|iPhone.Deploy.0 = Release|Any CPU
		{6B237B94-10ED-4A4B-8DED-CD8287E7DC1D}.Release|iPhoneSimulator.ActiveCfg = Release|Any CPU
		{6B237B94-10ED-4A4B-8DED-CD8287E7DC1D}.Release|iPhoneSimulator.Build.0 = Release|Any CPU
		{6B237B94-10ED-4A4B-8DED-CD8287E7DC1D}.Release|iPhoneSimulator.Deploy.0 = Release|Any CPU
		{6B237B94-10ED-4A4B-8DED-CD8287E7DC1D}.Release|x64.ActiveCfg = Release|Any CPU
		{6B237B94-10ED-4A4B-8DED-CD8287E7DC1D}.Release|x64.Build.0 = Release|Any CPU
		{6B237B94-10ED-4A4B-8DED-CD8287E7DC1D}.Release|x64.Deploy.0 = Release|Any CPU
		{6B237B94-10ED-4A4B-8DED-CD8287E7DC1D}.Release|x86.ActiveCfg = Release|Any CPU
		{6B237B94-10ED-4A4B-8DED-CD8287E7DC1D}.Release|x86.Build.0 = Release|Any CPU
		{6B237B94-10ED-4A4B-8DED-CD8287E7DC1D}.Release|x86.Deploy.0 = Release|Any CPU
		{9FF4A67E-FFC4-45CB-9F10-6B077A5A1DB0}.Debug|Any CPU.ActiveCfg = Debug|iPhoneSimulator
		{9FF4A67E-FFC4-45CB-9F10-6B077A5A1DB0}.Debug|Any CPU.Build.0 = Debug|iPhoneSimulator
		{9FF4A67E-FFC4-45CB-9F10-6B077A5A1DB0}.Debug|ARM.ActiveCfg = Debug|iPhoneSimulator
		{9FF4A67E-FFC4-45CB-9F10-6B077A5A1DB0}.Debug|ARM.Build.0 = Debug|iPhoneSimulator
		{9FF4A67E-FFC4-45CB-9F10-6B077A5A1DB0}.Debug|ARM64.ActiveCfg = Debug|iPhoneSimulator
		{9FF4A67E-FFC4-45CB-9F10-6B077A5A1DB0}.Debug|ARM64.Build.0 = Debug|iPhoneSimulator
		{9FF4A67E-FFC4-45CB-9F10-6B077A5A1DB0}.Debug|iPhone.ActiveCfg = Debug|iPhone
		{9FF4A67E-FFC4-45CB-9F10-6B077A5A1DB0}.Debug|iPhone.Build.0 = Debug|iPhone
		{9FF4A67E-FFC4-45CB-9F10-6B077A5A1DB0}.Debug|iPhoneSimulator.ActiveCfg = Debug|iPhoneSimulator
		{9FF4A67E-FFC4-45CB-9F10-6B077A5A1DB0}.Debug|iPhoneSimulator.Build.0 = Debug|iPhoneSimulator
		{9FF4A67E-FFC4-45CB-9F10-6B077A5A1DB0}.Debug|x64.ActiveCfg = Debug|iPhoneSimulator
		{9FF4A67E-FFC4-45CB-9F10-6B077A5A1DB0}.Debug|x64.Build.0 = Debug|iPhoneSimulator
		{9FF4A67E-FFC4-45CB-9F10-6B077A5A1DB0}.Debug|x86.ActiveCfg = Debug|iPhoneSimulator
		{9FF4A67E-FFC4-45CB-9F10-6B077A5A1DB0}.Debug|x86.Build.0 = Debug|iPhoneSimulator
		{9FF4A67E-FFC4-45CB-9F10-6B077A5A1DB0}.Release|Any CPU.ActiveCfg = Release|iPhoneSimulator
		{9FF4A67E-FFC4-45CB-9F10-6B077A5A1DB0}.Release|Any CPU.Build.0 = Release|iPhoneSimulator
		{9FF4A67E-FFC4-45CB-9F10-6B077A5A1DB0}.Release|ARM.ActiveCfg = Release|iPhoneSimulator
		{9FF4A67E-FFC4-45CB-9F10-6B077A5A1DB0}.Release|ARM.Build.0 = Release|iPhoneSimulator
		{9FF4A67E-FFC4-45CB-9F10-6B077A5A1DB0}.Release|ARM64.ActiveCfg = Release|iPhoneSimulator
		{9FF4A67E-FFC4-45CB-9F10-6B077A5A1DB0}.Release|ARM64.Build.0 = Release|iPhoneSimulator
		{9FF4A67E-FFC4-45CB-9F10-6B077A5A1DB0}.Release|iPhone.ActiveCfg = Release|iPhone
		{9FF4A67E-FFC4-45CB-9F10-6B077A5A1DB0}.Release|iPhone.Build.0 = Release|iPhone
		{9FF4A67E-FFC4-45CB-9F10-6B077A5A1DB0}.Release|iPhoneSimulator.ActiveCfg = Release|iPhoneSimulator
		{9FF4A67E-FFC4-45CB-9F10-6B077A5A1DB0}.Release|iPhoneSimulator.Build.0 = Release|iPhoneSimulator
		{9FF4A67E-FFC4-45CB-9F10-6B077A5A1DB0}.Release|x64.ActiveCfg = Release|iPhoneSimulator
		{9FF4A67E-FFC4-45CB-9F10-6B077A5A1DB0}.Release|x64.Build.0 = Release|iPhoneSimulator
		{9FF4A67E-FFC4-45CB-9F10-6B077A5A1DB0}.Release|x86.ActiveCfg = Release|iPhoneSimulator
		{9FF4A67E-FFC4-45CB-9F10-6B077A5A1DB0}.Release|x86.Build.0 = Release|iPhoneSimulator
		{9C2ABC99-75C5-498B-9410-0C21B290CBDC}.Debug|Any CPU.ActiveCfg = Debug|Any CPU
		{9C2ABC99-75C5-498B-9410-0C21B290CBDC}.Debug|Any CPU.Build.0 = Debug|Any CPU
		{9C2ABC99-75C5-498B-9410-0C21B290CBDC}.Debug|ARM.ActiveCfg = Debug|Any CPU
		{9C2ABC99-75C5-498B-9410-0C21B290CBDC}.Debug|ARM.Build.0 = Debug|Any CPU
		{9C2ABC99-75C5-498B-9410-0C21B290CBDC}.Debug|ARM64.ActiveCfg = Debug|Any CPU
		{9C2ABC99-75C5-498B-9410-0C21B290CBDC}.Debug|ARM64.Build.0 = Debug|Any CPU
		{9C2ABC99-75C5-498B-9410-0C21B290CBDC}.Debug|iPhone.ActiveCfg = Debug|Any CPU
		{9C2ABC99-75C5-498B-9410-0C21B290CBDC}.Debug|iPhone.Build.0 = Debug|Any CPU
		{9C2ABC99-75C5-498B-9410-0C21B290CBDC}.Debug|iPhoneSimulator.ActiveCfg = Debug|Any CPU
		{9C2ABC99-75C5-498B-9410-0C21B290CBDC}.Debug|iPhoneSimulator.Build.0 = Debug|Any CPU
		{9C2ABC99-75C5-498B-9410-0C21B290CBDC}.Debug|x64.ActiveCfg = Debug|Any CPU
		{9C2ABC99-75C5-498B-9410-0C21B290CBDC}.Debug|x64.Build.0 = Debug|Any CPU
		{9C2ABC99-75C5-498B-9410-0C21B290CBDC}.Debug|x86.ActiveCfg = Debug|Any CPU
		{9C2ABC99-75C5-498B-9410-0C21B290CBDC}.Debug|x86.Build.0 = Debug|Any CPU
		{9C2ABC99-75C5-498B-9410-0C21B290CBDC}.Release|Any CPU.ActiveCfg = Release|Any CPU
		{9C2ABC99-75C5-498B-9410-0C21B290CBDC}.Release|Any CPU.Build.0 = Release|Any CPU
		{9C2ABC99-75C5-498B-9410-0C21B290CBDC}.Release|ARM.ActiveCfg = Release|Any CPU
		{9C2ABC99-75C5-498B-9410-0C21B290CBDC}.Release|ARM.Build.0 = Release|Any CPU
		{9C2ABC99-75C5-498B-9410-0C21B290CBDC}.Release|ARM64.ActiveCfg = Release|Any CPU
		{9C2ABC99-75C5-498B-9410-0C21B290CBDC}.Release|ARM64.Build.0 = Release|Any CPU
		{9C2ABC99-75C5-498B-9410-0C21B290CBDC}.Release|iPhone.ActiveCfg = Release|Any CPU
		{9C2ABC99-75C5-498B-9410-0C21B290CBDC}.Release|iPhone.Build.0 = Release|Any CPU
		{9C2ABC99-75C5-498B-9410-0C21B290CBDC}.Release|iPhoneSimulator.ActiveCfg = Release|Any CPU
		{9C2ABC99-75C5-498B-9410-0C21B290CBDC}.Release|iPhoneSimulator.Build.0 = Release|Any CPU
		{9C2ABC99-75C5-498B-9410-0C21B290CBDC}.Release|x64.ActiveCfg = Release|Any CPU
		{9C2ABC99-75C5-498B-9410-0C21B290CBDC}.Release|x64.Build.0 = Release|Any CPU
		{9C2ABC99-75C5-498B-9410-0C21B290CBDC}.Release|x86.ActiveCfg = Release|Any CPU
		{9C2ABC99-75C5-498B-9410-0C21B290CBDC}.Release|x86.Build.0 = Release|Any CPU
		{3A5B322E-D55D-4CEB-B0D4-2DE6D581B3E4}.Debug|Any CPU.ActiveCfg = Debug|Any CPU
		{3A5B322E-D55D-4CEB-B0D4-2DE6D581B3E4}.Debug|Any CPU.Build.0 = Debug|Any CPU
		{3A5B322E-D55D-4CEB-B0D4-2DE6D581B3E4}.Debug|ARM.ActiveCfg = Debug|Any CPU
		{3A5B322E-D55D-4CEB-B0D4-2DE6D581B3E4}.Debug|ARM.Build.0 = Debug|Any CPU
		{3A5B322E-D55D-4CEB-B0D4-2DE6D581B3E4}.Debug|ARM64.ActiveCfg = Debug|Any CPU
		{3A5B322E-D55D-4CEB-B0D4-2DE6D581B3E4}.Debug|ARM64.Build.0 = Debug|Any CPU
		{3A5B322E-D55D-4CEB-B0D4-2DE6D581B3E4}.Debug|iPhone.ActiveCfg = Debug|Any CPU
		{3A5B322E-D55D-4CEB-B0D4-2DE6D581B3E4}.Debug|iPhone.Build.0 = Debug|Any CPU
		{3A5B322E-D55D-4CEB-B0D4-2DE6D581B3E4}.Debug|iPhoneSimulator.ActiveCfg = Debug|Any CPU
		{3A5B322E-D55D-4CEB-B0D4-2DE6D581B3E4}.Debug|iPhoneSimulator.Build.0 = Debug|Any CPU
		{3A5B322E-D55D-4CEB-B0D4-2DE6D581B3E4}.Debug|x64.ActiveCfg = Debug|Any CPU
		{3A5B322E-D55D-4CEB-B0D4-2DE6D581B3E4}.Debug|x64.Build.0 = Debug|Any CPU
		{3A5B322E-D55D-4CEB-B0D4-2DE6D581B3E4}.Debug|x86.ActiveCfg = Debug|Any CPU
		{3A5B322E-D55D-4CEB-B0D4-2DE6D581B3E4}.Debug|x86.Build.0 = Debug|Any CPU
		{3A5B322E-D55D-4CEB-B0D4-2DE6D581B3E4}.Release|Any CPU.ActiveCfg = Release|Any CPU
		{3A5B322E-D55D-4CEB-B0D4-2DE6D581B3E4}.Release|Any CPU.Build.0 = Release|Any CPU
		{3A5B322E-D55D-4CEB-B0D4-2DE6D581B3E4}.Release|ARM.ActiveCfg = Release|Any CPU
		{3A5B322E-D55D-4CEB-B0D4-2DE6D581B3E4}.Release|ARM.Build.0 = Release|Any CPU
		{3A5B322E-D55D-4CEB-B0D4-2DE6D581B3E4}.Release|ARM64.ActiveCfg = Release|Any CPU
		{3A5B322E-D55D-4CEB-B0D4-2DE6D581B3E4}.Release|ARM64.Build.0 = Release|Any CPU
		{3A5B322E-D55D-4CEB-B0D4-2DE6D581B3E4}.Release|iPhone.ActiveCfg = Release|Any CPU
		{3A5B322E-D55D-4CEB-B0D4-2DE6D581B3E4}.Release|iPhone.Build.0 = Release|Any CPU
		{3A5B322E-D55D-4CEB-B0D4-2DE6D581B3E4}.Release|iPhoneSimulator.ActiveCfg = Release|Any CPU
		{3A5B322E-D55D-4CEB-B0D4-2DE6D581B3E4}.Release|iPhoneSimulator.Build.0 = Release|Any CPU
		{3A5B322E-D55D-4CEB-B0D4-2DE6D581B3E4}.Release|x64.ActiveCfg = Release|Any CPU
		{3A5B322E-D55D-4CEB-B0D4-2DE6D581B3E4}.Release|x64.Build.0 = Release|Any CPU
		{3A5B322E-D55D-4CEB-B0D4-2DE6D581B3E4}.Release|x86.ActiveCfg = Release|Any CPU
		{3A5B322E-D55D-4CEB-B0D4-2DE6D581B3E4}.Release|x86.Build.0 = Release|Any CPU
	EndGlobalSection
	GlobalSection(SolutionProperties) = preSolution
		HideSolutionNode = FALSE
	EndGlobalSection
	GlobalSection(ExtensibilityGlobals) = postSolution
		SolutionGuid = {CBDDA655-F7F6-43A2-BC4D-1A817C59960E}
	EndGlobalSection
EndGlobal
