
Microsoft Visual Studio Solution File, Format Version 12.00
# Visual Studio Version 17
VisualStudioVersion = 17.3.32929.385
MinimumVisualStudioVersion = 10.0.40219.1
Project("{9A19103F-16F7-4668-BE54-9A1E7A4F7556}") = "VoiceCraftProximityChat", "VoiceCraftProximityChat\VoiceCraftProximityChat.csproj", "{EA5AAB26-E7F4-4552-8EED-A3727DDB909C}"
EndProject
Project("{FAE04EC0-301F-11D3-BF4B-00C04F79EFBC}") = "VoiceCraft_Server", "ConsoleApp1\VoiceCraft_Server.csproj", "{3A5B322E-D55D-4CEB-B0D4-2DE6D581B3E4}"
EndProject
Project("{FAE04EC0-301F-11D3-BF4B-00C04F79EFBC}") = "VoiceCraft_Android.Android", "VoiceCraft-Android\VoiceCraft-Android.Android\VoiceCraft_Android.Android.csproj", "{6B52F709-C182-4AA5-A6A3-5C922EAE4521}"
EndProject
Project("{FAE04EC0-301F-11D3-BF4B-00C04F79EFBC}") = "VoiceCraft_Android", "VoiceCraft-Android\VoiceCraft-Android\VoiceCraft_Android.csproj", "{7236B228-C117-4517-BBFF-810AC35A2338}"
EndProject
Global
	GlobalSection(SolutionConfigurationPlatforms) = preSolution
		Debug|Any CPU = Debug|Any CPU
		Debug|ARM = Debug|ARM
		Debug|ARM64 = Debug|ARM64
		Debug|iPhone = Debug|iPhone
		Debug|iPhoneSimulator = Debug|iPhoneSimulator
		Debug|x64 = Debug|x64
		Debug|x86 = Debug|x86
		Release|Any CPU = Release|Any CPU
		Release|ARM = Release|ARM
		Release|ARM64 = Release|ARM64
		Release|iPhone = Release|iPhone
		Release|iPhoneSimulator = Release|iPhoneSimulator
		Release|x64 = Release|x64
		Release|x86 = Release|x86
	EndGlobalSection
	GlobalSection(ProjectConfigurationPlatforms) = postSolution
		{EA5AAB26-E7F4-4552-8EED-A3727DDB909C}.Debug|Any CPU.ActiveCfg = Debug|Any CPU
		{EA5AAB26-E7F4-4552-8EED-A3727DDB909C}.Debug|Any CPU.Build.0 = Debug|Any CPU
		{EA5AAB26-E7F4-4552-8EED-A3727DDB909C}.Debug|ARM.ActiveCfg = Debug|Any CPU
		{EA5AAB26-E7F4-4552-8EED-A3727DDB909C}.Debug|ARM.Build.0 = Debug|Any CPU
		{EA5AAB26-E7F4-4552-8EED-A3727DDB909C}.Debug|ARM64.ActiveCfg = Debug|Any CPU
		{EA5AAB26-E7F4-4552-8EED-A3727DDB909C}.Debug|ARM64.Build.0 = Debug|Any CPU
		{EA5AAB26-E7F4-4552-8EED-A3727DDB909C}.Debug|iPhone.ActiveCfg = Debug|Any CPU
		{EA5AAB26-E7F4-4552-8EED-A3727DDB909C}.Debug|iPhone.Build.0 = Debug|Any CPU
		{EA5AAB26-E7F4-4552-8EED-A3727DDB909C}.Debug|iPhoneSimulator.ActiveCfg = Debug|Any CPU
		{EA5AAB26-E7F4-4552-8EED-A3727DDB909C}.Debug|iPhoneSimulator.Build.0 = Debug|Any CPU
		{EA5AAB26-E7F4-4552-8EED-A3727DDB909C}.Debug|x64.ActiveCfg = Debug|Any CPU
		{EA5AAB26-E7F4-4552-8EED-A3727DDB909C}.Debug|x64.Build.0 = Debug|Any CPU
		{EA5AAB26-E7F4-4552-8EED-A3727DDB909C}.Debug|x86.ActiveCfg = Debug|Any CPU
		{EA5AAB26-E7F4-4552-8EED-A3727DDB909C}.Debug|x86.Build.0 = Debug|Any CPU
		{EA5AAB26-E7F4-4552-8EED-A3727DDB909C}.Release|Any CPU.ActiveCfg = Release|Any CPU
		{EA5AAB26-E7F4-4552-8EED-A3727DDB909C}.Release|Any CPU.Build.0 = Release|Any CPU
		{EA5AAB26-E7F4-4552-8EED-A3727DDB909C}.Release|ARM.ActiveCfg = Release|Any CPU
		{EA5AAB26-E7F4-4552-8EED-A3727DDB909C}.Release|ARM.Build.0 = Release|Any CPU
		{EA5AAB26-E7F4-4552-8EED-A3727DDB909C}.Release|ARM64.ActiveCfg = Release|Any CPU
		{EA5AAB26-E7F4-4552-8EED-A3727DDB909C}.Release|ARM64.Build.0 = Release|Any CPU
		{EA5AAB26-E7F4-4552-8EED-A3727DDB909C}.Release|iPhone.ActiveCfg = Release|Any CPU
		{EA5AAB26-E7F4-4552-8EED-A3727DDB909C}.Release|iPhone.Build.0 = Release|Any CPU
		{EA5AAB26-E7F4-4552-8EED-A3727DDB909C}.Release|iPhoneSimulator.ActiveCfg = Release|Any CPU
		{EA5AAB26-E7F4-4552-8EED-A3727DDB909C}.Release|iPhoneSimulator.Build.0 = Release|Any CPU
		{EA5AAB26-E7F4-4552-8EED-A3727DDB909C}.Release|x64.ActiveCfg = Release|Any CPU
		{EA5AAB26-E7F4-4552-8EED-A3727DDB909C}.Release|x64.Build.0 = Release|Any CPU
		{EA5AAB26-E7F4-4552-8EED-A3727DDB909C}.Release|x86.ActiveCfg = Release|Any CPU
		{EA5AAB26-E7F4-4552-8EED-A3727DDB909C}.Release|x86.Build.0 = Release|Any CPU
		{3A5B322E-D55D-4CEB-B0D4-2DE6D581B3E4}.Debug|Any CPU.ActiveCfg = Debug|Any CPU
		{3A5B322E-D55D-4CEB-B0D4-2DE6D581B3E4}.Debug|Any CPU.Build.0 = Debug|Any CPU
		{3A5B322E-D55D-4CEB-B0D4-2DE6D581B3E4}.Debug|ARM.ActiveCfg = Debug|Any CPU
		{3A5B322E-D55D-4CEB-B0D4-2DE6D581B3E4}.Debug|ARM.Build.0 = Debug|Any CPU
		{3A5B322E-D55D-4CEB-B0D4-2DE6D581B3E4}.Debug|ARM64.ActiveCfg = Debug|Any CPU
		{3A5B322E-D55D-4CEB-B0D4-2DE6D581B3E4}.Debug|ARM64.Build.0 = Debug|Any CPU
		{3A5B322E-D55D-4CEB-B0D4-2DE6D581B3E4}.Debug|iPhone.ActiveCfg = Debug|Any CPU
		{3A5B322E-D55D-4CEB-B0D4-2DE6D581B3E4}.Debug|iPhone.Build.0 = Debug|Any CPU
		{3A5B322E-D55D-4CEB-B0D4-2DE6D581B3E4}.Debug|iPhoneSimulator.ActiveCfg = Debug|Any CPU
		{3A5B322E-D55D-4CEB-B0D4-2DE6D581B3E4}.Debug|iPhoneSimulator.Build.0 = Debug|Any CPU
		{3A5B322E-D55D-4CEB-B0D4-2DE6D581B3E4}.Debug|x64.ActiveCfg = Debug|Any CPU
		{3A5B322E-D55D-4CEB-B0D4-2DE6D581B3E4}.Debug|x64.Build.0 = Debug|Any CPU
		{3A5B322E-D55D-4CEB-B0D4-2DE6D581B3E4}.Debug|x86.ActiveCfg = Debug|Any CPU
		{3A5B322E-D55D-4CEB-B0D4-2DE6D581B3E4}.Debug|x86.Build.0 = Debug|Any CPU
		{3A5B322E-D55D-4CEB-B0D4-2DE6D581B3E4}.Release|Any CPU.ActiveCfg = Release|Any CPU
		{3A5B322E-D55D-4CEB-B0D4-2DE6D581B3E4}.Release|Any CPU.Build.0 = Release|Any CPU
		{3A5B322E-D55D-4CEB-B0D4-2DE6D581B3E4}.Release|ARM.ActiveCfg = Release|Any CPU
		{3A5B322E-D55D-4CEB-B0D4-2DE6D581B3E4}.Release|ARM.Build.0 = Release|Any CPU
		{3A5B322E-D55D-4CEB-B0D4-2DE6D581B3E4}.Release|ARM64.ActiveCfg = Release|Any CPU
		{3A5B322E-D55D-4CEB-B0D4-2DE6D581B3E4}.Release|ARM64.Build.0 = Release|Any CPU
		{3A5B322E-D55D-4CEB-B0D4-2DE6D581B3E4}.Release|iPhone.ActiveCfg = Release|Any CPU
		{3A5B322E-D55D-4CEB-B0D4-2DE6D581B3E4}.Release|iPhone.Build.0 = Release|Any CPU
		{3A5B322E-D55D-4CEB-B0D4-2DE6D581B3E4}.Release|iPhoneSimulator.ActiveCfg = Release|Any CPU
		{3A5B322E-D55D-4CEB-B0D4-2DE6D581B3E4}.Release|iPhoneSimulator.Build.0 = Release|Any CPU
		{3A5B322E-D55D-4CEB-B0D4-2DE6D581B3E4}.Release|x64.ActiveCfg = Release|Any CPU
		{3A5B322E-D55D-4CEB-B0D4-2DE6D581B3E4}.Release|x64.Build.0 = Release|Any CPU
		{3A5B322E-D55D-4CEB-B0D4-2DE6D581B3E4}.Release|x86.ActiveCfg = Release|Any CPU
		{3A5B322E-D55D-4CEB-B0D4-2DE6D581B3E4}.Release|x86.Build.0 = Release|Any CPU
		{6B52F709-C182-4AA5-A6A3-5C922EAE4521}.Debug|Any CPU.ActiveCfg = Debug|Any CPU
		{6B52F709-C182-4AA5-A6A3-5C922EAE4521}.Debug|Any CPU.Build.0 = Debug|Any CPU
		{6B52F709-C182-4AA5-A6A3-5C922EAE4521}.Debug|Any CPU.Deploy.0 = Debug|Any CPU
		{6B52F709-C182-4AA5-A6A3-5C922EAE4521}.Debug|ARM.ActiveCfg = Debug|Any CPU
		{6B52F709-C182-4AA5-A6A3-5C922EAE4521}.Debug|ARM.Build.0 = Debug|Any CPU
		{6B52F709-C182-4AA5-A6A3-5C922EAE4521}.Debug|ARM.Deploy.0 = Debug|Any CPU
		{6B52F709-C182-4AA5-A6A3-5C922EAE4521}.Debug|ARM64.ActiveCfg = Debug|Any CPU
		{6B52F709-C182-4AA5-A6A3-5C922EAE4521}.Debug|ARM64.Build.0 = Debug|Any CPU
		{6B52F709-C182-4AA5-A6A3-5C922EAE4521}.Debug|ARM64.Deploy.0 = Debug|Any CPU
		{6B52F709-C182-4AA5-A6A3-5C922EAE4521}.Debug|iPhone.ActiveCfg = Debug|Any CPU
		{6B52F709-C182-4AA5-A6A3-5C922EAE4521}.Debug|iPhone.Build.0 = Debug|Any CPU
		{6B52F709-C182-4AA5-A6A3-5C922EAE4521}.Debug|iPhone.Deploy.0 = Debug|Any CPU
		{6B52F709-C182-4AA5-A6A3-5C922EAE4521}.Debug|iPhoneSimulator.ActiveCfg = Debug|Any CPU
		{6B52F709-C182-4AA5-A6A3-5C922EAE4521}.Debug|iPhoneSimulator.Build.0 = Debug|Any CPU
		{6B52F709-C182-4AA5-A6A3-5C922EAE4521}.Debug|iPhoneSimulator.Deploy.0 = Debug|Any CPU
		{6B52F709-C182-4AA5-A6A3-5C922EAE4521}.Debug|x64.ActiveCfg = Debug|Any CPU
		{6B52F709-C182-4AA5-A6A3-5C922EAE4521}.Debug|x64.Build.0 = Debug|Any CPU
		{6B52F709-C182-4AA5-A6A3-5C922EAE4521}.Debug|x64.Deploy.0 = Debug|Any CPU
		{6B52F709-C182-4AA5-A6A3-5C922EAE4521}.Debug|x86.ActiveCfg = Debug|Any CPU
		{6B52F709-C182-4AA5-A6A3-5C922EAE4521}.Debug|x86.Build.0 = Debug|Any CPU
		{6B52F709-C182-4AA5-A6A3-5C922EAE4521}.Debug|x86.Deploy.0 = Debug|Any CPU
		{6B52F709-C182-4AA5-A6A3-5C922EAE4521}.Release|Any CPU.ActiveCfg = Release|Any CPU
		{6B52F709-C182-4AA5-A6A3-5C922EAE4521}.Release|Any CPU.Build.0 = Release|Any CPU
		{6B52F709-C182-4AA5-A6A3-5C922EAE4521}.Release|Any CPU.Deploy.0 = Release|Any CPU
		{6B52F709-C182-4AA5-A6A3-5C922EAE4521}.Release|ARM.ActiveCfg = Release|Any CPU
		{6B52F709-C182-4AA5-A6A3-5C922EAE4521}.Release|ARM.Build.0 = Release|Any CPU
		{6B52F709-C182-4AA5-A6A3-5C922EAE4521}.Release|ARM.Deploy.0 = Release|Any CPU
		{6B52F709-C182-4AA5-A6A3-5C922EAE4521}.Release|ARM64.ActiveCfg = Release|Any CPU
		{6B52F709-C182-4AA5-A6A3-5C922EAE4521}.Release|ARM64.Build.0 = Release|Any CPU
		{6B52F709-C182-4AA5-A6A3-5C922EAE4521}.Release|ARM64.Deploy.0 = Release|Any CPU
		{6B52F709-C182-4AA5-A6A3-5C922EAE4521}.Release|iPhone.ActiveCfg = Release|Any CPU
		{6B52F709-C182-4AA5-A6A3-5C922EAE4521}.Release|iPhone.Build.0 = Release|Any CPU
		{6B52F709-C182-4AA5-A6A3-5C922EAE4521}.Release|iPhone.Deploy.0 = Release|Any CPU
		{6B52F709-C182-4AA5-A6A3-5C922EAE4521}.Release|iPhoneSimulator.ActiveCfg = Release|Any CPU
		{6B52F709-C182-4AA5-A6A3-5C922EAE4521}.Release|iPhoneSimulator.Build.0 = Release|Any CPU
		{6B52F709-C182-4AA5-A6A3-5C922EAE4521}.Release|iPhoneSimulator.Deploy.0 = Release|Any CPU
		{6B52F709-C182-4AA5-A6A3-5C922EAE4521}.Release|x64.ActiveCfg = Release|Any CPU
		{6B52F709-C182-4AA5-A6A3-5C922EAE4521}.Release|x64.Build.0 = Release|Any CPU
		{6B52F709-C182-4AA5-A6A3-5C922EAE4521}.Release|x64.Deploy.0 = Release|Any CPU
		{6B52F709-C182-4AA5-A6A3-5C922EAE4521}.Release|x86.ActiveCfg = Release|Any CPU
		{6B52F709-C182-4AA5-A6A3-5C922EAE4521}.Release|x86.Build.0 = Release|Any CPU
		{6B52F709-C182-4AA5-A6A3-5C922EAE4521}.Release|x86.Deploy.0 = Release|Any CPU
		{7236B228-C117-4517-BBFF-810AC35A2338}.Debug|Any CPU.ActiveCfg = Debug|Any CPU
		{7236B228-C117-4517-BBFF-810AC35A2338}.Debug|Any CPU.Build.0 = Debug|Any CPU
		{7236B228-C117-4517-BBFF-810AC35A2338}.Debug|ARM.ActiveCfg = Debug|Any CPU
		{7236B228-C117-4517-BBFF-810AC35A2338}.Debug|ARM.Build.0 = Debug|Any CPU
		{7236B228-C117-4517-BBFF-810AC35A2338}.Debug|ARM64.ActiveCfg = Debug|Any CPU
		{7236B228-C117-4517-BBFF-810AC35A2338}.Debug|ARM64.Build.0 = Debug|Any CPU
		{7236B228-C117-4517-BBFF-810AC35A2338}.Debug|iPhone.ActiveCfg = Debug|Any CPU
		{7236B228-C117-4517-BBFF-810AC35A2338}.Debug|iPhone.Build.0 = Debug|Any CPU
		{7236B228-C117-4517-BBFF-810AC35A2338}.Debug|iPhoneSimulator.ActiveCfg = Debug|Any CPU
		{7236B228-C117-4517-BBFF-810AC35A2338}.Debug|iPhoneSimulator.Build.0 = Debug|Any CPU
		{7236B228-C117-4517-BBFF-810AC35A2338}.Debug|x64.ActiveCfg = Debug|Any CPU
		{7236B228-C117-4517-BBFF-810AC35A2338}.Debug|x64.Build.0 = Debug|Any CPU
		{7236B228-C117-4517-BBFF-810AC35A2338}.Debug|x86.ActiveCfg = Debug|Any CPU
		{7236B228-C117-4517-BBFF-810AC35A2338}.Debug|x86.Build.0 = Debug|Any CPU
		{7236B228-C117-4517-BBFF-810AC35A2338}.Release|Any CPU.ActiveCfg = Release|Any CPU
		{7236B228-C117-4517-BBFF-810AC35A2338}.Release|Any CPU.Build.0 = Release|Any CPU
		{7236B228-C117-4517-BBFF-810AC35A2338}.Release|ARM.ActiveCfg = Release|Any CPU
		{7236B228-C117-4517-BBFF-810AC35A2338}.Release|ARM.Build.0 = Release|Any CPU
		{7236B228-C117-4517-BBFF-810AC35A2338}.Release|ARM64.ActiveCfg = Release|Any CPU
		{7236B228-C117-4517-BBFF-810AC35A2338}.Release|ARM64.Build.0 = Release|Any CPU
		{7236B228-C117-4517-BBFF-810AC35A2338}.Release|iPhone.ActiveCfg = Release|Any CPU
		{7236B228-C117-4517-BBFF-810AC35A2338}.Release|iPhone.Build.0 = Release|Any CPU
		{7236B228-C117-4517-BBFF-810AC35A2338}.Release|iPhoneSimulator.ActiveCfg = Release|Any CPU
		{7236B228-C117-4517-BBFF-810AC35A2338}.Release|iPhoneSimulator.Build.0 = Release|Any CPU
		{7236B228-C117-4517-BBFF-810AC35A2338}.Release|x64.ActiveCfg = Release|Any CPU
		{7236B228-C117-4517-BBFF-810AC35A2338}.Release|x64.Build.0 = Release|Any CPU
		{7236B228-C117-4517-BBFF-810AC35A2338}.Release|x86.ActiveCfg = Release|Any CPU
		{7236B228-C117-4517-BBFF-810AC35A2338}.Release|x86.Build.0 = Release|Any CPU
	EndGlobalSection
	GlobalSection(SolutionProperties) = preSolution
		HideSolutionNode = FALSE
	EndGlobalSection
	GlobalSection(ExtensibilityGlobals) = postSolution
		SolutionGuid = {CBDDA655-F7F6-43A2-BC4D-1A817C59960E}
	EndGlobalSection
EndGlobal
